
Microsoft Visual Studio Solution File, Format Version 12.00
# Visual Studio Version 16
VisualStudioVersion = 16.0.30611.23
MinimumVisualStudioVersion = 10.0.40219.1
Project("{FAE04EC0-301F-11D3-BF4B-00C04F79EFBC}") = "projeto-teste", "projeto-teste\projeto-teste.csproj", "{D2FA82F7-FFE7-42CC-90E1-F756CE9A234E}"
EndProject
Global
	GlobalSection(SolutionConfigurationPlatforms) = preSolution
		Debug|Any CPU = Debug|Any CPU
		Release|Any CPU = Release|Any CPU
	EndGlobalSection
	GlobalSection(ProjectConfigurationPlatforms) = postSolution
		{D2FA82F7-FFE7-42CC-90E1-F756CE9A234E}.Debug|Any CPU.ActiveCfg = Debug|Any CPU
		{D2FA82F7-FFE7-42CC-90E1-F756CE9A234E}.Debug|Any CPU.Build.0 = Debug|Any CPU
		{D2FA82F7-FFE7-42CC-90E1-F756CE9A234E}.Release|Any CPU.ActiveCfg = Release|Any CPU
		{D2FA82F7-FFE7-42CC-90E1-F756CE9A234E}.Release|Any CPU.Build.0 = Release|Any CPU
	EndGlobalSection
	GlobalSection(SolutionProperties) = preSolution
		HideSolutionNode = FALSE
	EndGlobalSection
	GlobalSection(ExtensibilityGlobals) = postSolution
		SolutionGuid = {ECAAA2E4-9C64-48C9-969F-A7ED79A74E3B}
	EndGlobalSection
EndGlobal
